{
  "name": "koa-blog-api",
  "version": "1.0.0",
  "lockfileVersion": 1,
  "requires": true,
  "dependencies": {
    "codemirror": {
      "version": "5.40.0",
      "resolved": "http://registry.npm.taobao.org/codemirror/download/codemirror-5.40.0.tgz",
      "integrity": "sha1-L17Uc2blFPQTSboP402qo5vk4lc="
    },
    "codemirror-spell-checker": {
      "version": "1.1.2",
      "resolved": "http://registry.npm.taobao.org/codemirror-spell-checker/download/codemirror-spell-checker-1.1.2.tgz",
      "integrity": "sha1-HGYPkIlIPMtRE7m6nKGcP0mTNx4=",
      "requires": {
        "typo-js": "1.0.3"
      }
    },
    "conventional-commit-types": {
      "version": "2.2.0",
      "resolved": "http://registry.npm.taobao.org/conventional-commit-types/download/conventional-commit-types-2.2.0.tgz",
      "integrity": "sha1-XblXOdbCEqy+e29lahG5QLqmiUY=",
      "dev": true
    },
    "cz-conventional-changelog": {
      "version": "2.1.0",
      "resolved": "http://registry.npm.taobao.org/cz-conventional-changelog/download/cz-conventional-changelog-2.1.0.tgz",
      "integrity": "sha1-L0vHOQ4yROTfKT5ro1Hkx0Cnx2Q=",
      "dev": true,
      "requires": {
        "conventional-commit-types": "2.2.0",
        "lodash.map": "4.6.0",
        "longest": "1.0.1",
        "right-pad": "1.0.1",
        "word-wrap": "1.2.3"
      }
    },
    "lodash.map": {
      "version": "4.6.0",
      "resolved": "http://registry.npm.taobao.org/lodash.map/download/lodash.map-4.6.0.tgz",
      "integrity": "sha1-dx7Hg540c9nEzeKLGTlMNWL09tM=",
      "dev": true
    },
    "longest": {
      "version": "1.0.1",
      "resolved": "http://registry.npm.taobao.org/longest/download/longest-1.0.1.tgz",
      "integrity": "sha1-MKCy2jj3N3DoKUoNIuZiXtd9AJc=",
      "dev": true
    },
    "marked": {
      "version": "0.5.0",
      "resolved": "http://registry.npm.taobao.org/marked/download/marked-0.5.0.tgz",
      "integrity": "sha1-nlkLrTFYSkj/QFszqxwN0lFyKI4="
    },
    "right-pad": {
      "version": "1.0.1",
      "resolved": "http://registry.npm.taobao.org/right-pad/download/right-pad-1.0.1.tgz",
      "integrity": "sha1-jKCMLLtbVedNr6lr9/0aJ9VoyNA=",
      "dev": true
    },
    "simplemde": {
      "version": "1.11.2",
      "resolved": "http://registry.npm.taobao.org/simplemde/download/simplemde-1.11.2.tgz",
      "integrity": "sha1-ojo12XjSxA7wfewAjJLwcNjggOM=",
      "requires": {
        "codemirror": "5.40.0",
        "codemirror-spell-checker": "1.1.2",
        "marked": "0.5.0"
      }
    },
    "typo-js": {
      "version": "1.0.3",
      "resolved": "http://registry.npm.taobao.org/typo-js/download/typo-js-1.0.3.tgz",
      "integrity": "sha1-VNjrx5SfGngQkItgAsaEFSbJnVo="
    },
    "word-wrap": {
      "version": "1.2.3",
      "resolved": "http://registry.npm.taobao.org/word-wrap/download/word-wrap-1.2.3.tgz",
      "integrity": "sha1-YQY29rH3A4kb00dxzLF/uTtHB5w=",
      "dev": true
    }
  }
}
